// !$*UTF8*$!
{
	archiveVersion = 1;
	classes = {
	};
	objectVersion = 55;
	objects = {

/* Begin PBXBuildFile section */
		280313F427EF3CD300669876 /* NewTaskItemView.swift in Sources */ = {isa = PBXBuildFile; fileRef = 280313F327EF3CD300669876 /* NewTaskItemView.swift */; };
		280313F627EF41BB00669876 /* BlankView.swift in Sources */ = {isa = PBXBuildFile; fileRef = 280313F527EF41BB00669876 /* BlankView.swift */; };
		288A6C5E27F2D2E400E67405 /* ListRowItemView.swift in Sources */ = {isa = PBXBuildFile; fileRef = 288A6C5D27F2D2E400E67405 /* ListRowItemView.swift */; };
		28AE71BB27EEA59100A10651 /* DevoteApp.swift in Sources */ = {isa = PBXBuildFile; fileRef = 28AE71BA27EEA59100A10651 /* DevoteApp.swift */; };
		28AE71BD27EEA59100A10651 /* ContentView.swift in Sources */ = {isa = PBXBuildFile; fileRef = 28AE71BC27EEA59100A10651 /* ContentView.swift */; };
		28AE71BF27EEA59300A10651 /* Assets.xcassets in Resources */ = {isa = PBXBuildFile; fileRef = 28AE71BE27EEA59300A10651 /* Assets.xcassets */; };
		28AE71C227EEA59300A10651 /* Preview Assets.xcassets in Resources */ = {isa = PBXBuildFile; fileRef = 28AE71C127EEA59300A10651 /* Preview Assets.xcassets */; };
		28AE71C427EEA59300A10651 /* Persistence.swift in Sources */ = {isa = PBXBuildFile; fileRef = 28AE71C327EEA59300A10651 /* Persistence.swift */; };
		28AE71C727EEA59300A10651 /* Devote.xcdatamodeld in Sources */ = {isa = PBXBuildFile; fileRef = 28AE71C527EEA59300A10651 /* Devote.xcdatamodeld */; };
		28AE71D027EEA63000A10651 /* sound-rise.mp3 in Resources */ = {isa = PBXBuildFile; fileRef = 28AE71CD27EEA63000A10651 /* sound-rise.mp3 */; };
		28AE71D127EEA63000A10651 /* sound-tap.mp3 in Resources */ = {isa = PBXBuildFile; fileRef = 28AE71CE27EEA63000A10651 /* sound-tap.mp3 */; };
		28AE71D227EEA63000A10651 /* sound-ding.mp3 in Resources */ = {isa = PBXBuildFile; fileRef = 28AE71CF27EEA63000A10651 /* sound-ding.mp3 */; };
		28AE71DF27EEB29300A10651 /* Constant.swift in Sources */ = {isa = PBXBuildFile; fileRef = 28AE71DE27EEB29300A10651 /* Constant.swift */; };
		28AE71E127EECC5D00A10651 /* HideKeyboardExtension.swift in Sources */ = {isa = PBXBuildFile; fileRef = 28AE71E027EECC5D00A10651 /* HideKeyboardExtension.swift */; };
		28AE71E327EEE75600A10651 /* BackgroundImageView.swift in Sources */ = {isa = PBXBuildFile; fileRef = 28AE71E227EEE75600A10651 /* BackgroundImageView.swift */; };
		28B6367F27F2E02400BAC0FF /* CheckBoxStyle.swift in Sources */ = {isa = PBXBuildFile; fileRef = 28B6367E27F2E02400BAC0FF /* CheckBoxStyle.swift */; };
/* End PBXBuildFile section */

/* Begin PBXFileReference section */
		280313F327EF3CD300669876 /* NewTaskItemView.swift */ = {isa = PBXFileReference; lastKnownFileType = sourcecode.swift; path = NewTaskItemView.swift; sourceTree = "<group>"; };
		280313F527EF41BB00669876 /* BlankView.swift */ = {isa = PBXFileReference; lastKnownFileType = sourcecode.swift; path = BlankView.swift; sourceTree = "<group>"; };
		288A6C5D27F2D2E400E67405 /* ListRowItemView.swift */ = {isa = PBXFileReference; lastKnownFileType = sourcecode.swift; path = ListRowItemView.swift; sourceTree = "<group>"; };
		28AE71B727EEA59100A10651 /* Devote.app */ = {isa = PBXFileReference; explicitFileType = wrapper.application; includeInIndex = 0; path = Devote.app; sourceTree = BUILT_PRODUCTS_DIR; };
		28AE71BA27EEA59100A10651 /* DevoteApp.swift */ = {isa = PBXFileReference; lastKnownFileType = sourcecode.swift; path = DevoteApp.swift; sourceTree = "<group>"; };
		28AE71BC27EEA59100A10651 /* ContentView.swift */ = {isa = PBXFileReference; lastKnownFileType = sourcecode.swift; path = ContentView.swift; sourceTree = "<group>"; };
		28AE71BE27EEA59300A10651 /* Assets.xcassets */ = {isa = PBXFileReference; lastKnownFileType = folder.assetcatalog; path = Assets.xcassets; sourceTree = "<group>"; };
		28AE71C127EEA59300A10651 /* Preview Assets.xcassets */ = {isa = PBXFileReference; lastKnownFileType = folder.assetcatalog; path = "Preview Assets.xcassets"; sourceTree = "<group>"; };
		28AE71C327EEA59300A10651 /* Persistence.swift */ = {isa = PBXFileReference; lastKnownFileType = sourcecode.swift; path = Persistence.swift; sourceTree = "<group>"; };
		28AE71C627EEA59300A10651 /* Devote.xcdatamodel */ = {isa = PBXFileReference; lastKnownFileType = wrapper.xcdatamodel; path = Devote.xcdatamodel; sourceTree = "<group>"; };
		28AE71CD27EEA63000A10651 /* sound-rise.mp3 */ = {isa = PBXFileReference; lastKnownFileType = audio.mp3; path = "sound-rise.mp3"; sourceTree = "<group>"; };
		28AE71CE27EEA63000A10651 /* sound-tap.mp3 */ = {isa = PBXFileReference; lastKnownFileType = audio.mp3; path = "sound-tap.mp3"; sourceTree = "<group>"; };
		28AE71CF27EEA63000A10651 /* sound-ding.mp3 */ = {isa = PBXFileReference; lastKnownFileType = audio.mp3; path = "sound-ding.mp3"; sourceTree = "<group>"; };
		28AE71D927EEA74300A10651 /* Info.plist */ = {isa = PBXFileReference; lastKnownFileType = text.plist; path = Info.plist; sourceTree = "<group>"; };
		28AE71DE27EEB29300A10651 /* Constant.swift */ = {isa = PBXFileReference; lastKnownFileType = sourcecode.swift; path = Constant.swift; sourceTree = "<group>"; };
		28AE71E027EECC5D00A10651 /* HideKeyboardExtension.swift */ = {isa = PBXFileReference; lastKnownFileType = sourcecode.swift; path = HideKeyboardExtension.swift; sourceTree = "<group>"; };
		28AE71E227EEE75600A10651 /* BackgroundImageView.swift */ = {isa = PBXFileReference; lastKnownFileType = sourcecode.swift; path = BackgroundImageView.swift; sourceTree = "<group>"; };
		28B6367E27F2E02400BAC0FF /* CheckBoxStyle.swift */ = {isa = PBXFileReference; lastKnownFileType = sourcecode.swift; path = CheckBoxStyle.swift; sourceTree = "<group>"; };
/* End PBXFileReference section */

/* Begin PBXFrameworksBuildPhase section */
		28AE71B427EEA59100A10651 /* Frameworks */ = {
			isa = PBXFrameworksBuildPhase;
			buildActionMask = 2147483647;
			files = (
			);
			runOnlyForDeploymentPostprocessing = 0;
		};
/* End PBXFrameworksBuildPhase section */

/* Begin PBXGroup section */
		28AE71AE27EEA59000A10651 = {
			isa = PBXGroup;
			children = (
				28AE71B927EEA59100A10651 /* Devote */,
				28AE71B827EEA59100A10651 /* Products */,
			);
			sourceTree = "<group>";
		};
		28AE71B827EEA59100A10651 /* Products */ = {
			isa = PBXGroup;
			children = (
				28AE71B727EEA59100A10651 /* Devote.app */,
			);
			name = Products;
			sourceTree = "<group>";
		};
		28AE71B927EEA59100A10651 /* Devote */ = {
			isa = PBXGroup;
			children = (
				28AE71D927EEA74300A10651 /* Info.plist */,
				28AE71BA27EEA59100A10651 /* DevoteApp.swift */,
				28AE71D427EEA65900A10651 /* View */,
				28AE71D827EEA6C000A10651 /* Model */,
				28AE71D727EEA67B00A10651 /* Style */,
				28AE71D627EEA66F00A10651 /* Utility */,
				28AE71D527EEA66200A10651 /* Extension */,
				28AE71D327EEA63B00A10651 /* Sound */,
				28AE71BE27EEA59300A10651 /* Assets.xcassets */,
				28AE71C027EEA59300A10651 /* Preview Content */,
			);
			path = Devote;
			sourceTree = "<group>";
		};
		28AE71C027EEA59300A10651 /* Preview Content */ = {
			isa = PBXGroup;
			children = (
				28AE71C127EEA59300A10651 /* Preview Assets.xcassets */,
			);
			path = "Preview Content";
			sourceTree = "<group>";
		};
		28AE71D327EEA63B00A10651 /* Sound */ = {
			isa = PBXGroup;
			children = (
				28AE71CF27EEA63000A10651 /* sound-ding.mp3 */,
				28AE71CD27EEA63000A10651 /* sound-rise.mp3 */,
				28AE71CE27EEA63000A10651 /* sound-tap.mp3 */,
			);
			path = Sound;
			sourceTree = "<group>";
		};
		28AE71D427EEA65900A10651 /* View */ = {
			isa = PBXGroup;
			children = (
				28AE71BC27EEA59100A10651 /* ContentView.swift */,
				28AE71E227EEE75600A10651 /* BackgroundImageView.swift */,
				280313F327EF3CD300669876 /* NewTaskItemView.swift */,
				280313F527EF41BB00669876 /* BlankView.swift */,
				288A6C5D27F2D2E400E67405 /* ListRowItemView.swift */,
			);
			path = View;
			sourceTree = "<group>";
		};
		28AE71D527EEA66200A10651 /* Extension */ = {
			isa = PBXGroup;
			children = (
				28AE71E027EECC5D00A10651 /* HideKeyboardExtension.swift */,
			);
			path = Extension;
			sourceTree = "<group>";
		};
		28AE71D627EEA66F00A10651 /* Utility */ = {
			isa = PBXGroup;
			children = (
				28AE71DE27EEB29300A10651 /* Constant.swift */,
			);
			path = Utility;
			sourceTree = "<group>";
		};
		28AE71D727EEA67B00A10651 /* Style */ = {
			isa = PBXGroup;
			children = (
				28B6367E27F2E02400BAC0FF /* CheckBoxStyle.swift */,
			);
			path = Style;
			sourceTree = "<group>";
		};
		28AE71D827EEA6C000A10651 /* Model */ = {
			isa = PBXGroup;
			children = (
				28AE71C327EEA59300A10651 /* Persistence.swift */,
				28AE71C527EEA59300A10651 /* Devote.xcdatamodeld */,
			);
			path = Model;
			sourceTree = "<group>";
		};
/* End PBXGroup section */

/* Begin PBXNativeTarget section */
		28AE71B627EEA59100A10651 /* Devote */ = {
			isa = PBXNativeTarget;
			buildConfigurationList = 28AE71CA27EEA59300A10651 /* Build configuration list for PBXNativeTarget "Devote" */;
			buildPhases = (
				28AE71B327EEA59100A10651 /* Sources */,
				28AE71B427EEA59100A10651 /* Frameworks */,
				28AE71B527EEA59100A10651 /* Resources */,
			);
			buildRules = (
			);
			dependencies = (
			);
			name = Devote;
			productName = Devote;
			productReference = 28AE71B727EEA59100A10651 /* Devote.app */;
			productType = "com.apple.product-type.application";
		};
/* End PBXNativeTarget section */

/* Begin PBXProject section */
		28AE71AF27EEA59000A10651 /* Project object */ = {
			isa = PBXProject;
			attributes = {
				BuildIndependentTargetsInParallel = 1;
				LastSwiftUpdateCheck = 1330;
				LastUpgradeCheck = 1330;
				TargetAttributes = {
					28AE71B627EEA59100A10651 = {
						CreatedOnToolsVersion = 13.3;
					};
				};
			};
			buildConfigurationList = 28AE71B227EEA59000A10651 /* Build configuration list for PBXProject "Devote" */;
			compatibilityVersion = "Xcode 13.0";
			developmentRegion = en;
			hasScannedForEncodings = 0;
			knownRegions = (
				en,
				Base,
			);
			mainGroup = 28AE71AE27EEA59000A10651;
			productRefGroup = 28AE71B827EEA59100A10651 /* Products */;
			projectDirPath = "";
			projectRoot = "";
			targets = (
				28AE71B627EEA59100A10651 /* Devote */,
			);
		};
/* End PBXProject section */

/* Begin PBXResourcesBuildPhase section */
		28AE71B527EEA59100A10651 /* Resources */ = {
			isa = PBXResourcesBuildPhase;
			buildActionMask = 2147483647;
			files = (
				28AE71D227EEA63000A10651 /* sound-ding.mp3 in Resources */,
				28AE71D027EEA63000A10651 /* sound-rise.mp3 in Resources */,
				28AE71C227EEA59300A10651 /* Preview Assets.xcassets in Resources */,
				28AE71D127EEA63000A10651 /* sound-tap.mp3 in Resources */,
				28AE71BF27EEA59300A10651 /* Assets.xcassets in Resources */,
			);
			runOnlyForDeploymentPostprocessing = 0;
		};
/* End PBXResourcesBuildPhase section */

/* Begin PBXSourcesBuildPhase section */
		28AE71B327EEA59100A10651 /* Sources */ = {
			isa = PBXSourcesBuildPhase;
			buildActionMask = 2147483647;
			files = (
				28AE71C427EEA59300A10651 /* Persistence.swift in Sources */,
				28AE71E327EEE75600A10651 /* BackgroundImageView.swift in Sources */,
				28AE71BD27EEA59100A10651 /* ContentView.swift in Sources */,
				28AE71E127EECC5D00A10651 /* HideKeyboardExtension.swift in Sources */,
				280313F627EF41BB00669876 /* BlankView.swift in Sources */,
				28AE71DF27EEB29300A10651 /* Constant.swift in Sources */,
				288A6C5E27F2D2E400E67405 /* ListRowItemView.swift in Sources */,
				28AE71C727EEA59300A10651 /* Devote.xcdatamodeld in Sources */,
				28B6367F27F2E02400BAC0FF /* CheckBoxStyle.swift in Sources */,
				28AE71BB27EEA59100A10651 /* DevoteApp.swift in Sources */,
				280313F427EF3CD300669876 /* NewTaskItemView.swift in Sources */,
			);
			runOnlyForDeploymentPostprocessing = 0;
		};
/* End PBXSourcesBuildPhase section */

/* Begin XCBuildConfiguration section */
		28AE71C827EEA59300A10651 /* Debug */ = {
			isa = XCBuildConfiguration;
			buildSettings = {
				ALWAYS_SEARCH_USER_PATHS = NO;
				CLANG_ANALYZER_NONNULL = YES;
				CLANG_ANALYZER_NUMBER_OBJECT_CONVERSION = YES_AGGRESSIVE;
				CLANG_CXX_LANGUAGE_STANDARD = "gnu++17";
				CLANG_ENABLE_MODULES = YES;
				CLANG_ENABLE_OBJC_ARC = YES;
				CLANG_ENABLE_OBJC_WEAK = YES;
				CLANG_WARN_BLOCK_CAPTURE_AUTORELEASING = YES;
				CLANG_WARN_BOOL_CONVERSION = YES;
				CLANG_WARN_COMMA = YES;
				CLANG_WARN_CONSTANT_CONVERSION = YES;
				CLANG_WARN_DEPRECATED_OBJC_IMPLEMENTATIONS = YES;
				CLANG_WARN_DIRECT_OBJC_ISA_USAGE = YES_ERROR;
				CLANG_WARN_DOCUMENTATION_COMMENTS = YES;
				CLANG_WARN_EMPTY_BODY = YES;
				CLANG_WARN_ENUM_CONVERSION = YES;
				CLANG_WARN_INFINITE_RECURSION = YES;
				CLANG_WARN_INT_CONVERSION = YES;
				CLANG_WARN_NON_LITERAL_NULL_CONVERSION = YES;
				CLANG_WARN_OBJC_IMPLICIT_RETAIN_SELF = YES;
				CLANG_WARN_OBJC_LITERAL_CONVERSION = YES;
				CLANG_WARN_OBJC_ROOT_CLASS = YES_ERROR;
				CLANG_WARN_QUOTED_INCLUDE_IN_FRAMEWORK_HEADER = YES;
				CLANG_WARN_RANGE_LOOP_ANALYSIS = YES;
				CLANG_WARN_STRICT_PROTOTYPES = YES;
				CLANG_WARN_SUSPICIOUS_MOVE = YES;
				CLANG_WARN_UNGUARDED_AVAILABILITY = YES_AGGRESSIVE;
				CLANG_WARN_UNREACHABLE_CODE = YES;
				CLANG_WARN__DUPLICATE_METHOD_MATCH = YES;
				COPY_PHASE_STRIP = NO;
				DEBUG_INFORMATION_FORMAT = dwarf;
				ENABLE_STRICT_OBJC_MSGSEND = YES;
				ENABLE_TESTABILITY = YES;
				GCC_C_LANGUAGE_STANDARD = gnu11;
				GCC_DYNAMIC_NO_PIC = NO;
				GCC_NO_COMMON_BLOCKS = YES;
				GCC_OPTIMIZATION_LEVEL = 0;
				GCC_PREPROCESSOR_DEFINITIONS = (
					"DEBUG=1",
					"$(inherited)",
				);
				GCC_WARN_64_TO_32_BIT_CONVERSION = YES;
				GCC_WARN_ABOUT_RETURN_TYPE = YES_ERROR;
				GCC_WARN_UNDECLARED_SELECTOR = YES;
				GCC_WARN_UNINITIALIZED_AUTOS = YES_AGGRESSIVE;
				GCC_WARN_UNUSED_FUNCTION = YES;
				GCC_WARN_UNUSED_VARIABLE = YES;
				IPHONEOS_DEPLOYMENT_TARGET = 15.4;
				MTL_ENABLE_DEBUG_INFO = INCLUDE_SOURCE;
				MTL_FAST_MATH = YES;
				ONLY_ACTIVE_ARCH = YES;
				SDKROOT = iphoneos;
				SWIFT_ACTIVE_COMPILATION_CONDITIONS = DEBUG;
				SWIFT_OPTIMIZATION_LEVEL = "-Onone";
			};
			name = Debug;
		};
		28AE71C927EEA59300A10651 /* Release */ = {
			isa = XCBuildConfiguration;
			buildSettings = {
				ALWAYS_SEARCH_USER_PATHS = NO;
				CLANG_ANALYZER_NONNULL = YES;
				CLANG_ANALYZER_NUMBER_OBJECT_CONVERSION = YES_AGGRESSIVE;
				CLANG_CXX_LANGUAGE_STANDARD = "gnu++17";
				CLANG_ENABLE_MODULES = YES;
				CLANG_ENABLE_OBJC_ARC = YES;
				CLANG_ENABLE_OBJC_WEAK = YES;
				CLANG_WARN_BLOCK_CAPTURE_AUTORELEASING = YES;
				CLANG_WARN_BOOL_CONVERSION = YES;
				CLANG_WARN_COMMA = YES;
				CLANG_WARN_CONSTANT_CONVERSION = YES;
				CLANG_WARN_DEPRECATED_OBJC_IMPLEMENTATIONS = YES;
				CLANG_WARN_DIRECT_OBJC_ISA_USAGE = YES_ERROR;
				CLANG_WARN_DOCUMENTATION_COMMENTS = YES;
				CLANG_WARN_EMPTY_BODY = YES;
				CLANG_WARN_ENUM_CONVERSION = YES;
				CLANG_WARN_INFINITE_RECURSION = YES;
				CLANG_WARN_INT_CONVERSION = YES;
				CLANG_WARN_NON_LITERAL_NULL_CONVERSION = YES;
				CLANG_WARN_OBJC_IMPLICIT_RETAIN_SELF = YES;
				CLANG_WARN_OBJC_LITERAL_CONVERSION = YES;
				CLANG_WARN_OBJC_ROOT_CLASS = YES_ERROR;
				CLANG_WARN_QUOTED_INCLUDE_IN_FRAMEWORK_HEADER = YES;
				CLANG_WARN_RANGE_LOOP_ANALYSIS = YES;
				CLANG_WARN_STRICT_PROTOTYPES = YES;
				CLANG_WARN_SUSPICIOUS_MOVE = YES;
				CLANG_WARN_UNGUARDED_AVAILABILITY = YES_AGGRESSIVE;
				CLANG_WARN_UNREACHABLE_CODE = YES;
				CLANG_WARN__DUPLICATE_METHOD_MATCH = YES;
				COPY_PHASE_STRIP = NO;
				DEBUG_INFORMATION_FORMAT = "dwarf-with-dsym";
				ENABLE_NS_ASSERTIONS = NO;
				ENABLE_STRICT_OBJC_MSGSEND = YES;
				GCC_C_LANGUAGE_STANDARD = gnu11;
				GCC_NO_COMMON_BLOCKS = YES;
				GCC_WARN_64_TO_32_BIT_CONVERSION = YES;
				GCC_WARN_ABOUT_RETURN_TYPE = YES_ERROR;
				GCC_WARN_UNDECLARED_SELECTOR = YES;
				GCC_WARN_UNINITIALIZED_AUTOS = YES_AGGRESSIVE;
				GCC_WARN_UNUSED_FUNCTION = YES;
				GCC_WARN_UNUSED_VARIABLE = YES;
				IPHONEOS_DEPLOYMENT_TARGET = 15.4;
				MTL_ENABLE_DEBUG_INFO = NO;
				MTL_FAST_MATH = YES;
				SDKROOT = iphoneos;
				SWIFT_COMPILATION_MODE = wholemodule;
				SWIFT_OPTIMIZATION_LEVEL = "-O";
				VALIDATE_PRODUCT = YES;
			};
			name = Release;
		};
		28AE71CB27EEA59300A10651 /* Debug */ = {
			isa = XCBuildConfiguration;
			buildSettings = {
				ASSETCATALOG_COMPILER_APPICON_NAME = AppIcon;
				ASSETCATALOG_COMPILER_GLOBAL_ACCENT_COLOR_NAME = AccentColor;
				CODE_SIGN_STYLE = Automatic;
				CURRENT_PROJECT_VERSION = 1;
				DEVELOPMENT_ASSET_PATHS = "\"Devote/Preview Content\"";
				DEVELOPMENT_TEAM = R3CRSCKQ4W;
				ENABLE_PREVIEWS = YES;
				GENERATE_INFOPLIST_FILE = YES;
				INFOPLIST_FILE = Devote/Info.plist;
				INFOPLIST_KEY_UIApplicationSceneManifest_Generation = YES;
				INFOPLIST_KEY_UIApplicationSupportsIndirectInputEvents = YES;
				INFOPLIST_KEY_UISupportedInterfaceOrientations = UIInterfaceOrientationPortrait;
				INFOPLIST_KEY_UISupportedInterfaceOrientations_iPad = "UIInterfaceOrientationPortrait UIInterfaceOrientationPortraitUpsideDown UIInterfaceOrientationLandscapeLeft UIInterfaceOrientationLandscapeRight";
				INFOPLIST_KEY_UISupportedInterfaceOrientations_iPhone = UIInterfaceOrientationPortrait;
				LD_RUNPATH_SEARCH_PATHS = (
					"$(inherited)",
					"@executable_path/Frameworks",
				);
				MARKETING_VERSION = 1.0;
				PRODUCT_BUNDLE_IDENTIFIER = Seongbin.Devote;
				PRODUCT_NAME = "$(TARGET_NAME)";
				SWIFT_EMIT_LOC_STRINGS = YES;
				SWIFT_VERSION = 5.0;
				TARGETED_DEVICE_FAMILY = "1,2";
			};
			name = Debug;
		};
		28AE71CC27EEA59300A10651 /* Release */ = {
			isa = XCBuildConfiguration;
			buildSettings = {
				ASSETCATALOG_COMPILER_APPICON_NAME = AppIcon;
				ASSETCATALOG_COMPILER_GLOBAL_ACCENT_COLOR_NAME = AccentColor;
				CODE_SIGN_STYLE = Automatic;
				CURRENT_PROJECT_VERSION = 1;
				DEVELOPMENT_ASSET_PATHS = "\"Devote/Preview Content\"";
				DEVELOPMENT_TEAM = R3CRSCKQ4W;
				ENABLE_PREVIEWS = YES;
				GENERATE_INFOPLIST_FILE = YES;
				INFOPLIST_FILE = Devote/Info.plist;
				INFOPLIST_KEY_UIApplicationSceneManifest_Generation = YES;
				INFOPLIST_KEY_UIApplicationSupportsIndirectInputEvents = YES;
				INFOPLIST_KEY_UISupportedInterfaceOrientations = UIInterfaceOrientationPortrait;
				INFOPLIST_KEY_UISupportedInterfaceOrientations_iPad = "UIInterfaceOrientationPortrait UIInterfaceOrientationPortraitUpsideDown UIInterfaceOrientationLandscapeLeft UIInterfaceOrientationLandscapeRight";
				INFOPLIST_KEY_UISupportedInterfaceOrientations_iPhone = UIInterfaceOrientationPortrait;
				LD_RUNPATH_SEARCH_PATHS = (
					"$(inherited)",
					"@executable_path/Frameworks",
				);
				MARKETING_VERSION = 1.0;
				PRODUCT_BUNDLE_IDENTIFIER = Seongbin.Devote;
				PRODUCT_NAME = "$(TARGET_NAME)";
				SWIFT_EMIT_LOC_STRINGS = YES;
				SWIFT_VERSION = 5.0;
				TARGETED_DEVICE_FAMILY = "1,2";
			};
			name = Release;
		};
/* End XCBuildConfiguration section */

/* Begin XCConfigurationList section */
		28AE71B227EEA59000A10651 /* Build configuration list for PBXProject "Devote" */ = {
			isa = XCConfigurationList;
			buildConfigurations = (
				28AE71C827EEA59300A10651 /* Debug */,
				28AE71C927EEA59300A10651 /* Release */,
			);
			defaultConfigurationIsVisible = 0;
			defaultConfigurationName = Release;
		};
		28AE71CA27EEA59300A10651 /* Build configuration list for PBXNativeTarget "Devote" */ = {
			isa = XCConfigurationList;
			buildConfigurations = (
				28AE71CB27EEA59300A10651 /* Debug */,
				28AE71CC27EEA59300A10651 /* Release */,
			);
			defaultConfigurationIsVisible = 0;
			defaultConfigurationName = Release;
		};
/* End XCConfigurationList section */

/* Begin XCVersionGroup section */
		28AE71C527EEA59300A10651 /* Devote.xcdatamodeld */ = {
			isa = XCVersionGroup;
			children = (
				28AE71C627EEA59300A10651 /* Devote.xcdatamodel */,
			);
			currentVersion = 28AE71C627EEA59300A10651 /* Devote.xcdatamodel */;
			path = Devote.xcdatamodeld;
			sourceTree = "<group>";
			versionGroupType = wrapper.xcdatamodel;
		};
/* End XCVersionGroup section */
	};
	rootObject = 28AE71AF27EEA59000A10651 /* Project object */;
}
